{
  "nodes": {
    "flake-utils": {
      "inputs": {
        "systems": "systems"
      },
      "locked": {
        "lastModified": 1710146030,
        "narHash": "sha256-SZ5L6eA7HJ/nmkzGG7/ISclqe6oZdOZTNoesiInkXPQ=",
        "owner": "numtide",
        "repo": "flake-utils",
        "rev": "b1d9ab70662946ef0850d488da1c9019f3a9752a",
        "type": "github"
      },
      "original": {
        "owner": "numtide",
        "repo": "flake-utils",
        "type": "github"
      }
    },
    "linol": {
      "flake": false,
      "locked": {
        "lastModified": 1708452788,
        "narHash": "sha256-W+GKSJzkKXxu7qB8yFYvpyQSjWXIrKvfUOyExA+57xk=",
        "owner": "c-cube",
        "repo": "linol",
        "rev": "7730eabf98f657059920369b41d43e657a231ed5",
        "type": "github"
      },
      "original": {
        "owner": "c-cube",
        "repo": "linol",
        "rev": "7730eabf98f657059920369b41d43e657a231ed5",
        "type": "github"
      }
    },
    "nixpkgs": {
      "locked": {
        "lastModified": 1713971446,
        "narHash": "sha256-4MIT79xFScl0VXf/BsrQ8+2KACEiI1266PTTAitzylc=",
        "owner": "nixos",
        "repo": "nixpkgs",
        "rev": "746691572a71f663f8f9c00263408625a827e68e",
        "type": "github"
      },
      "original": {
        "owner": "nixos",
        "repo": "nixpkgs",
        "type": "github"
      }
    },
    "ocaml-recovery-parser": {
      "flake": false,
      "locked": {
        "lastModified": 1648733768,
        "narHash": "sha256-gOKvjmlcHDOgsTllj2sPL/qNtW/rlNlEVIrosahNsAQ=",
        "owner": "serokell",
        "repo": "ocaml-recovery-parser",
        "rev": "e05c872d1a0e8074940d995b57556121eddbf0f2",
        "type": "github"
      },
      "original": {
        "owner": "serokell",
        "ref": "0.2.4",
        "repo": "ocaml-recovery-parser",
        "type": "github"
      }
    },
    "opam-nix-integration": {
      "inputs": {
        "flake-utils": [
          "flake-utils"
        ],
        "nixpkgs": [
          "nixpkgs"
        ],
        "opam-repository": [
          "opam-repository"
        ]
      },
      "locked": {
        "lastModified": 1713905575,
        "narHash": "sha256-1sxuQRnQIVo3+WABqvrPPoVfbEDUgsrFvyBWSjLDHUA=",
        "owner": "vapourismo",
        "repo": "opam-nix-integration",
        "rev": "bd6e54fd7e180b7184c021397f730c71b6ccbf33",
        "type": "github"
      },
      "original": {
        "owner": "vapourismo",
        "repo": "opam-nix-integration",
        "type": "github"
      }
    },
    "opam-repository": {
      "flake": false,
      "locked": {
        "lastModified": 1714054447,
        "narHash": "sha256-M84UBjf191bFYhAnZZmZs+tVhtN8RPNEjmPStvd8qHM=",
        "owner": "ocaml",
        "repo": "opam-repository",
        "rev": "56e6b1f095e3db3a86eab56327a4ba3af896e74d",
        "type": "github"
      },
      "original": {
        "owner": "ocaml",
        "repo": "opam-repository",
        "type": "github"
      }
    },
    "root": {
      "inputs": {
        "flake-utils": "flake-utils",
        "linol": "linol",
        "nixpkgs": "nixpkgs",
        "ocaml-recovery-parser": "ocaml-recovery-parser",
        "opam-nix-integration": "opam-nix-integration",
        "opam-repository": "opam-repository",
        "tezos-ligo": "tezos-ligo",
        "treefmt": "treefmt"
      }
    },
    "systems": {
      "locked": {
        "lastModified": 1681028828,
        "narHash": "sha256-Vy1rq5AaRuLzOxct8nz4T6wlgyUR7zLU309k9mBC768=",
        "owner": "nix-systems",
        "repo": "default",
        "rev": "da67096a3b9bf56a91d16901293e51ba5b49a27e",
        "type": "github"
      },
      "original": {
        "owner": "nix-systems",
        "repo": "default",
        "type": "github"
      }
    },
    "tezos-ligo": {
      "flake": false,
      "locked": {
        "lastModified": 1712674251,
        "narHash": "sha256-+hhcH85vEcB0YzyIZk8Zj1KBvwLDmfwBpO9cR9JPK2A=",
        "owner": "ligolang",
        "repo": "tezos-ligo",
        "rev": "853edc3b24bfa2cc2fce814b04d28fa9ee0be89a",
        "type": "gitlab"
      },
      "original": {
        "owner": "ligolang",
        "ref": "v20.0-rc1-ligo",
        "repo": "tezos-ligo",
        "type": "gitlab"
      }
    },
    "treefmt": {
      "inputs": {
        "nixpkgs": [
          "nixpkgs"
        ]
      },
      "locked": {
        "lastModified": 1714058656,
        "narHash": "sha256-Qv4RBm4LKuO4fNOfx9wl40W2rBbv5u5m+whxRYUMiaA=",
        "owner": "numtide",
        "repo": "treefmt-nix",
        "rev": "c6aaf729f34a36c445618580a9f95a48f5e4e03f",
        "type": "github"
      },
      "original": {
        "owner": "numtide",
        "repo": "treefmt-nix",
        "type": "github"
      }
    }
  },
  "root": "root",
  "version": 7
}
