{
  "nodes": {
    "build-yarn-package": {
      "inputs": {
        "nixpkgs": [
          "nixpkgs"
        ]
      },
      "locked": {
        "lastModified": 1686315622,
        "narHash": "sha256-ccqZqY6wUFot0ewyNKQUrMR6IEliGza+pjKoSVMXIeM=",
        "owner": "serokell",
        "repo": "nix-npm-buildpackage",
        "rev": "991a792bccd611842f6bc1aa99fe80380ad68d44",
        "type": "github"
      },
      "original": {
        "owner": "serokell",
        "repo": "nix-npm-buildpackage",
        "type": "github"
      }
    },
    "flake-utils": {
      "inputs": {
        "systems": "systems"
      },
      "locked": {
        "lastModified": 1710146030,
        "narHash": "sha256-SZ5L6eA7HJ/nmkzGG7/ISclqe6oZdOZTNoesiInkXPQ=",
        "owner": "numtide",
        "repo": "flake-utils",
        "rev": "b1d9ab70662946ef0850d488da1c9019f3a9752a",
        "type": "github"
      },
      "original": {
        "owner": "numtide",
        "repo": "flake-utils",
        "type": "github"
      }
    },
    "flake-utils_2": {
      "inputs": {
        "systems": "systems_2"
      },
      "locked": {
        "lastModified": 1710146030,
        "narHash": "sha256-SZ5L6eA7HJ/nmkzGG7/ISclqe6oZdOZTNoesiInkXPQ=",
        "owner": "numtide",
        "repo": "flake-utils",
        "rev": "b1d9ab70662946ef0850d488da1c9019f3a9752a",
        "type": "github"
      },
      "original": {
        "owner": "numtide",
        "repo": "flake-utils",
        "type": "github"
      }
    },
    "grace": {
      "flake": false,
      "locked": {
        "lastModified": 1717098178,
        "narHash": "sha256-jubzimeKs29Y6Di2/kpKEOnNAEzMzVpC5HMLjog4Tlg=",
        "owner": "johnyob",
        "repo": "grace",
        "rev": "d15a6d7d07a2551d1a9934fa79c2cf84c918f990",
        "type": "github"
      },
      "original": {
        "owner": "johnyob",
        "repo": "grace",
        "type": "github"
      }
    },
    "lltz": {
      "flake": false,
      "locked": {
        "lastModified": 1726765905,
        "narHash": "sha256-jXDJz2ROq6tA7l51pchz41po4NVzmDKMlIV4ohnrrWM=",
        "owner": "trilitech",
        "repo": "lltz",
        "rev": "2f217c1f1ec2ad5ee9963ec199dae256c229c448",
        "type": "github"
      },
      "original": {
        "owner": "trilitech",
        "repo": "lltz",
        "type": "github"
      }
    },
    "nixpkgs": {
      "locked": {
        "lastModified": 1718991812,
        "narHash": "sha256-myw2ur7Uenh4Vj91bjsZ1kl9zUurIFNnTzN7DSTlJDI=",
        "owner": "nixos",
        "repo": "nixpkgs",
        "rev": "47ea5bd4873307fc2371ae1bdf508864f6a25ee8",
        "type": "github"
      },
      "original": {
        "owner": "nixos",
        "repo": "nixpkgs",
        "type": "github"
      }
    },
    "ocaml-overlay": {
      "inputs": {
        "flake-utils": "flake-utils_2",
        "nixpkgs": [
          "nixpkgs"
        ]
      },
      "locked": {
        "lastModified": 1718690539,
        "narHash": "sha256-vBez7OQjPYRPCKfeLAhfDk3GegfjVwGB+5+Fdqtwc7g=",
        "owner": "nix-ocaml",
        "repo": "nix-overlays",
        "rev": "b01faf38ae41888031b62e5fd15665c0db092a1d",
        "type": "github"
      },
      "original": {
        "owner": "nix-ocaml",
        "repo": "nix-overlays",
        "type": "github"
      }
    },
    "root": {
      "inputs": {
        "build-yarn-package": "build-yarn-package",
        "flake-utils": "flake-utils",
        "grace": "grace",
        "lltz": "lltz",
        "nixpkgs": "nixpkgs",
        "ocaml-overlay": "ocaml-overlay",
        "tezos-ligo": "tezos-ligo",
        "treefmt": "treefmt"
      }
    },
    "systems": {
      "locked": {
        "lastModified": 1681028828,
        "narHash": "sha256-Vy1rq5AaRuLzOxct8nz4T6wlgyUR7zLU309k9mBC768=",
        "owner": "nix-systems",
        "repo": "default",
        "rev": "da67096a3b9bf56a91d16901293e51ba5b49a27e",
        "type": "github"
      },
      "original": {
        "owner": "nix-systems",
        "repo": "default",
        "type": "github"
      }
    },
    "systems_2": {
      "locked": {
        "lastModified": 1681028828,
        "narHash": "sha256-Vy1rq5AaRuLzOxct8nz4T6wlgyUR7zLU309k9mBC768=",
        "owner": "nix-systems",
        "repo": "default",
        "rev": "da67096a3b9bf56a91d16901293e51ba5b49a27e",
        "type": "github"
      },
      "original": {
        "owner": "nix-systems",
        "repo": "default",
        "type": "github"
      }
    },
    "tezos-ligo": {
      "flake": false,
      "locked": {
        "lastModified": 1723647240,
        "narHash": "sha256-FkOR4VqFngdejBCqzwwySINfK/oNklsnIVrvQYVAfyc=",
        "owner": "ligolang",
        "repo": "tezos-ligo",
        "rev": "fb4bad17f4d4a8b1df1ba5ea96935f63321e3a30",
        "type": "gitlab"
      },
      "original": {
        "owner": "ligolang",
        "ref": "v21-ligo",
        "repo": "tezos-ligo",
        "type": "gitlab"
      }
    },
    "treefmt": {
      "inputs": {
        "nixpkgs": [
          "nixpkgs"
        ]
      },
      "locked": {
        "lastModified": 1718522839,
        "narHash": "sha256-ULzoKzEaBOiLRtjeY3YoGFJMwWSKRYOic6VNw2UyTls=",
        "owner": "numtide",
        "repo": "treefmt-nix",
        "rev": "68eb1dc333ce82d0ab0c0357363ea17c31ea1f81",
        "type": "github"
      },
      "original": {
        "owner": "numtide",
        "repo": "treefmt-nix",
        "type": "github"
      }
    }
  },
  "root": "root",
  "version": 7
}
