# This file was autogenerated by Stack.
# You should not edit this file by hand.
# For more information, please see the documentation at:
#   https://docs.haskellstack.org/en/stable/lock_files

packages:
- completed:
    commit: c8b06c4c8a271fce0c2f41ab18e88d58e64bac52
    git: https://github.com/serokell/base-noprelude.git
    name: base-noprelude
    pantry-tree:
      sha256: e5379f2f6565ae07b8bfb3da213e5a648edd79ccec000290d0f234b9cb750863
      size: 823
    version: 4.15.1.0
  original:
    commit: c8b06c4c8a271fce0c2f41ab18e88d58e64bac52
    git: https://github.com/serokell/base-noprelude.git
- completed:
    commit: daafba0dfcba565595f0b7c3c7e17bfc21b3e76e
    git: https://github.com/haskell/lsp.git
    name: lsp-types
    pantry-tree:
      sha256: 8700dc38e8aeac889d0ba7ce2a7dd2b8579e26608f64b220f5e790f0633dce24
      size: 4160
    subdir: lsp-types
    version: 1.5.0.0
  original:
    commit: daafba0dfcba565595f0b7c3c7e17bfc21b3e76e
    git: https://github.com/haskell/lsp.git
    subdir: lsp-types
- completed:
    commit: daafba0dfcba565595f0b7c3c7e17bfc21b3e76e
    git: https://github.com/haskell/lsp.git
    name: lsp
    pantry-tree:
      sha256: 8d13180ceb84b5b0f24ba4df81109dd7300adc5e471579b933a86f5941bbe5c0
      size: 1551
    subdir: lsp
    version: 1.5.0.0
  original:
    commit: daafba0dfcba565595f0b7c3c7e17bfc21b3e76e
    git: https://github.com/haskell/lsp.git
    subdir: lsp
- completed:
    commit: daafba0dfcba565595f0b7c3c7e17bfc21b3e76e
    git: https://github.com/haskell/lsp.git
    name: lsp-test
    pantry-tree:
      sha256: 415236a1e28d1c93b0f87f0422c86e7becf7be8fc23f557abab628298b0a7b3c
      size: 2061
    subdir: lsp-test
    version: 0.14.0.3
  original:
    commit: daafba0dfcba565595f0b7c3c7e17bfc21b3e76e
    git: https://github.com/haskell/lsp.git
    subdir: lsp-test
- completed:
    commit: 59b427b5739c5ae348addcedac31632a663f2a45
    git: https://github.com/serokell/tree-sitter.git
    name: tree-sitter
    pantry-tree:
      sha256: 0b89f31225bdd760f25a25e3c700c45e87f1a8f772813e97bd662e193618d0a1
      size: 34417
    version: 0.9.0.2
  original:
    commit: 59b427b5739c5ae348addcedac31632a663f2a45
    git: https://github.com/serokell/tree-sitter.git
- completed:
    commit: 3beef1315de1b0afb01003695e6c94f7d078cdb5
    git: https://github.com/co-log/co-log-core.git
    name: co-log-core
    pantry-tree:
      sha256: 52ef0d55fb2b4c86357369f48f6dcdef81e80a161917befc9ce15129d8eaec20
      size: 872
    version: 0.3.1.0
  original:
    commit: 3beef1315de1b0afb01003695e6c94f7d078cdb5
    git: https://github.com/co-log/co-log-core.git
- completed:
    commit: 1f721c1936cbfb1ea4a742f12754047afdcff3a8
    git: https://github.com/Bodigrim/text-rope
    name: text-rope
    pantry-tree:
      sha256: e26b7ce27f67a1a2bf58fe88f817a98722d83cefed2b89e8e1530da2e05e1485
      size: 1431
    version: '0.2'
  original:
    commit: 1f721c1936cbfb1ea4a742f12754047afdcff3a8
    git: https://github.com/Bodigrim/text-rope
- completed:
    hackage: fastsum-0.2.0.0@sha256:7abc9ceddc3dfb67420c927c0e69d9248c9e8d5877f53cd8fb76a63e72ce7ddb,2394
    pantry-tree:
      sha256: 294ee5f98315161f27487e56425b8f1d3e59914607d1f467a9844b2befaa576d
      size: 431
  original:
    hackage: fastsum-0.2.0.0
- completed:
    hackage: morley-prelude-0.5.1@sha256:d7e26ed0c15b291899e1871f751079e8e0cdc03546d31dad9bfeb06946e733ab,2784
    pantry-tree:
      sha256: 42c2dc761c33f57a76158b14a046b159e96d9c8f4079ede61c499e6a24e112bf
      size: 602
  original:
    hackage: morley-prelude-0.5.1
- completed:
    hackage: OddWord-1.0.2.0@sha256:1d7c46b2de539739ba2cb50fd5b0c7032fbe84a22f853f2e0b460d096e325569,1965
    pantry-tree:
      sha256: 91d6f851595aed111288502134412c617e6a3ecae48f4281ca313daabf80adc9
      size: 476
  original:
    hackage: OddWord-1.0.2.0
- completed:
    hackage: stm-containers-1.2@sha256:a887f2e7692b7cf20e0b081e2d66e21076e2bd4b57016ec59c484edfa2d29397,3244
    pantry-tree:
      sha256: 20b1076bdb121347ccc512a67df697eed34815a8e35279b6b9a0951963b1eba2
      size: 761
  original:
    hackage: stm-containers-1.2
- completed:
    hackage: stm-hamt-1.2.0.7@sha256:e8ecba11580ae2ea839cc3b7a25adcce40810aa472b544728790d28804c912ee,3972
    pantry-tree:
      sha256: 2de07a746d44aebcff4b7b644373ae4aa5a505457b684ca02ae5a74605991d6b
      size: 1009
  original:
    hackage: stm-hamt-1.2.0.7
- completed:
    hackage: primitive-extras-0.10.1.4@sha256:780726757a8ca5bad6d82e77180fb1ec5a1ba73073b7bd8ccf24cb60e11ab4fe,2959
    pantry-tree:
      sha256: c3b43cb57ca32200e0199c6b4a3cd23ca04415257c1266d08707f53ac4d89ec5
      size: 1096
  original:
    hackage: primitive-extras-0.10.1.4
- completed:
    hackage: primitive-unlifted-0.1.3.1@sha256:3b00ca2c605168dee97d92490a018891e10f73b81ff5e2eeae48ece309d20485,1427
    pantry-tree:
      sha256: c492e3caeebf476ac0ee1daaedbc2464ef5a530a0b0152a353d64b410c3c1ff3
      size: 420
  original:
    hackage: primitive-unlifted-0.1.3.1
- completed:
    commit: f65dc29eef93a7260cfbb7db812f0bd265db16fd
    git: https://github.com/serokell/duplo.git
    name: duplo
    pantry-tree:
      sha256: 4e3f210989108cb1b4a16f43e95b1f613bbf7d04ce207937eadbe41a1262e4e1
      size: 440
    version: 0.0.0
  original:
    commit: f65dc29eef93a7260cfbb7db812f0bd265db16fd
    git: https://github.com/serokell/duplo.git
snapshots:
- completed:
    sha256: a27a5761890ade44d7dd21a5f5f93c87e60b9c063655fff835d69dd1071474f0
    size: 619163
    url: https://raw.githubusercontent.com/commercialhaskell/stackage-snapshots/master/lts/19/16.yaml
  original: lts-19.16
