# This file was autogenerated by Stack.
# You should not edit this file by hand.
# For more information, please see the documentation at:
#   https://docs.haskellstack.org/en/stable/lock_files

packages:
- completed:
    hackage: tree-sitter-0.9.0.0@sha256:4fd054b0a9651df9335c5fa0ffed723924dc4dcf7f2521c031323088ca719b05,3411
    pantry-tree:
      size: 3765
      sha256: 6d8711529e12512dadb78eb9ea6854edea9a6e4d87e205d5213df221baf733ad
  original:
    hackage: tree-sitter-0.9.0.0@sha256:4fd054b0a9651df9335c5fa0ffed723924dc4dcf7f2521c031323088ca719b05,3411
- completed:
    hackage: semantic-source-0.0.2.0@sha256:eac962ed1150d8647e703bc78369ecc4c1912db018e111f4ead8a62ae1a85542,2368
    pantry-tree:
      size: 727
      sha256: f3483c0b1495201bf4067091bfcb6c234d4cdb2068a8fd2edde4b94b3272975d
  original:
    hackage: semantic-source-0.0.2.0@sha256:eac962ed1150d8647e703bc78369ecc4c1912db018e111f4ead8a62ae1a85542,2368
- completed:
    hackage: lingo-0.3.2.0@sha256:80b9ded65f2ddc0272a2872d9c3fc43c37934accae076d3e547dfc6c6b6e16d3,1899
    pantry-tree:
      size: 422
      sha256: c76e9e74eaa576e33c6f02eb8e26b19cc5fe35c514cce888d851184f91e1c156
  original:
    hackage: lingo-0.3.2.0@sha256:80b9ded65f2ddc0272a2872d9c3fc43c37934accae076d3e547dfc6c6b6e16d3,1899
- completed:
    hackage: semilattices-0.0.0.4@sha256:333707e460923711d1edbdd02ebe1c3957d4e0808eab9886747b52ee3e443639,1909
    pantry-tree:
      size: 801
      sha256: f3b6dd7ac1fa1b7a259334ff342405263da053af5c115bd86499227e2373d8ec
  original:
    hackage: semilattices-0.0.0.4@sha256:333707e460923711d1edbdd02ebe1c3957d4e0808eab9886747b52ee3e443639,1909
- completed:
    hackage: fastsum-0.1.1.1@sha256:984ce99c8c153f31bffe03af6cc0599818878d62e9dae6ecb26b6623c92d6cec,2325
    pantry-tree:
      size: 431
      sha256: 1c89d4034e6d06e15ff0ec421a95206c030ddc2d35b9eee7f0a02aa30c6051c1
  original:
    hackage: fastsum-0.1.1.1
snapshots:
- completed:
    size: 493124
    url: https://raw.githubusercontent.com/commercialhaskell/stackage-snapshots/master/lts/15/10.yaml
    sha256: 48bc6d1d59224a5166265ef6cdda6a512f29ecc8ef7331826312b82377e89507
  original: lts-15.10
