# This file was autogenerated by Stack.
# You should not edit this file by hand.
# For more information, please see the documentation at:
#   https://docs.haskellstack.org/en/stable/lock_files

packages:
- completed:
    hackage: dir-traverse-0.2.3.0@sha256:adcc128f201ff95131b15ffe41365dc99c50dc3fa3a910f021521dc734013bfa,2137
    pantry-tree:
      size: 389
      sha256: b19f0562746dfd0f8f21eccab6584592f55fb781ca3e043da9132cc23d8a5b99
  original:
    hackage: dir-traverse-0.2.3.0
- completed:
    name: morley-debugger
    version: 0.2.0
    git: https://gitlab.com/morley-framework/morley-debugger.git
    pantry-tree:
      size: 10654
      sha256: 89e3bdb59adec63596d3bca169257a649141afdf1e8166241a4279452e3c5754
    commit: ce3899d8ca0e2cc18c0a556874d09bb377dfcec2
  original:
    git: https://gitlab.com/morley-framework/morley-debugger.git
    commit: ce3899d8ca0e2cc18c0a556874d09bb377dfcec2
- completed:
    hackage: base58-bytestring-0.1.0@sha256:a1da72ee89d5450bac1c792d9fcbe95ed7154ab7246f2172b57bd4fd9b5eab79,1913
    pantry-tree:
      size: 419
      sha256: 053784f8edef6433518c873a7c502dc75348f812e2384e1306f90467ea54f40b
  original:
    hackage: base58-bytestring-0.1.0
- completed:
    hackage: monad-stm-0.1.0.2@sha256:68c509a631cbb2f49c3e8b37527d281e6fdafbedac63a4c6fa69c98f4e0b2506,1732
    pantry-tree:
      size: 219
      sha256: b9766739e8a87b3a8d34350673e49927fa4fcde5710b573d748b2d0cd5892cea
  original:
    hackage: monad-stm-0.1.0.2
- completed:
    name: base-noprelude
    version: 4.14.3.0
    git: https://github.com/serokell/base-noprelude.git
    pantry-tree:
      size: 823
      sha256: 1f7bf8a841bc840b332d409dfeee4b68edd192291f76530faceddcfd61dfc429
    commit: 1282e0b992b00089d55228a2aa9edc4a3581c319
  original:
    git: https://github.com/serokell/base-noprelude.git
    commit: 1282e0b992b00089d55228a2aa9edc4a3581c319
- completed:
    name: galois-field
    version: 1.0.4
    git: https://github.com/serokell/galois-field.git
    pantry-tree:
      size: 4657
      sha256: 1c5f35fa2f128d1341fffb29300ebc09f2ac463220bf76425fe12ffc2d171d48
    commit: 576ba98ec947370835a1f308895037c7aa7f8b71
  original:
    git: https://github.com/serokell/galois-field.git
    commit: 576ba98ec947370835a1f308895037c7aa7f8b71
- completed:
    hackage: hex-text-0.1.0.0@sha256:abda1204c93d7d2c272088876eacd1de9bb9bf9adaaaa23ed32ac232a8436252,1139
    pantry-tree:
      size: 314
      sha256: 3a5b60f43c0dc4c3d5db342e23fded691065abd316af6124c8c55973367a4ef4
  original:
    hackage: hex-text-0.1.0.0
- completed:
    hackage: show-type-0.1.1@sha256:24f681a3481b3f9630e619d816054804ba1bd6cc05b5978ddd2cece8499ff2fa,1154
    pantry-tree:
      size: 214
      sha256: c07e39492e0b8da34f87b3f7516f7739d60543013e7f22bc7db0dbe99eb57540
  original:
    hackage: show-type-0.1.1
- completed:
    subdir: code/lorentz
    name: lorentz
    version: 0.13.3
    git: https://gitlab.com/morley-framework/morley.git
    pantry-tree:
      size: 4139
      sha256: f1d468ee6a3898a2e2e4b3ddf61d2fc5825e6485b54b9d5b5a2bb92c4b03da56
    commit: c5df3bf7c4d683768b0a3dc36dc5154455045f45
  original:
    subdir: code/lorentz
    git: https://gitlab.com/morley-framework/morley.git
    commit: c5df3bf7c4d683768b0a3dc36dc5154455045f45
- completed:
    subdir: code/morley
    name: morley
    version: 1.16.3
    git: https://gitlab.com/morley-framework/morley.git
    pantry-tree:
      size: 11547
      sha256: 4c1b313e239a83261b3652327b49c091f6fe87f5f0c9779aa2faa8fa68cb3439
    commit: c5df3bf7c4d683768b0a3dc36dc5154455045f45
  original:
    subdir: code/morley
    git: https://gitlab.com/morley-framework/morley.git
    commit: c5df3bf7c4d683768b0a3dc36dc5154455045f45
- completed:
    subdir: code/morley-client
    name: morley-client
    version: 0.1.1
    git: https://gitlab.com/morley-framework/morley.git
    pantry-tree:
      size: 3719
      sha256: 1a264e89c5090be672cd7a0c84c804ee44a39d24a7307efe2769895d5b163840
    commit: c5df3bf7c4d683768b0a3dc36dc5154455045f45
  original:
    subdir: code/morley-client
    git: https://gitlab.com/morley-framework/morley.git
    commit: c5df3bf7c4d683768b0a3dc36dc5154455045f45
- completed:
    subdir: code/morley-prelude
    name: morley-prelude
    version: 0.5.1
    git: https://gitlab.com/morley-framework/morley.git
    pantry-tree:
      size: 778
      sha256: 058f8810c03944b41fdf5b2f1670e56746478ad98380c2f8acc5ab4a938d13ee
    commit: c5df3bf7c4d683768b0a3dc36dc5154455045f45
  original:
    subdir: code/morley-prelude
    git: https://gitlab.com/morley-framework/morley.git
    commit: c5df3bf7c4d683768b0a3dc36dc5154455045f45
- completed:
    name: caps
    version: '0'
    git: https://github.com/int-index/caps.git
    pantry-tree:
      size: 374
      sha256: 3a80cb98282b5cc87b8c9907bfdf4d7185818e89901dc9b17d53caecbf21e607
    commit: c5d61837eb358989b581ed82b1e79158c4823b1b
  original:
    git: https://github.com/int-index/caps.git
    commit: c5d61837eb358989b581ed82b1e79158c4823b1b
- completed:
    hackage: named-0.3.0.1@sha256:2975d50c9c5d88095026ffc1303d2d9be52e5f588a8f8bcb7003a04b79f10a06,2312
    pantry-tree:
      size: 426
      sha256: e0df5f146ecd48ef129dd74f868e8d2d754f0a11b36c5d0e56bd4b1947433c9f
  original:
    hackage: named-0.3.0.1@sha256:2975d50c9c5d88095026ffc1303d2d9be52e5f588a8f8bcb7003a04b79f10a06,2312
- completed:
    hackage: cryptonite-0.27@sha256:c3a9c8ce11e654a9d5bee827b089d4b50587272828d0c52a85362a58667a916c,18163
    pantry-tree:
      size: 22989
      sha256: 6eeff10404aecc9028ed21e107d92dd58616dc2d1c4413c04a6dc3ce3fc3ca40
  original:
    hackage: cryptonite-0.27
- completed:
    hackage: haskell-dap-0.0.14.0@sha256:1befb8a6fce3e05c7cb10a1c883269fbd1c54ff7cec3314fa7dd64dba822a89e,3336
    pantry-tree:
      size: 2945
      sha256: 7ef9bdacad04e0dd250c9e81e4d5aa4b030ffb317029f486676bec781393725b
  original:
    hackage: haskell-dap-0.0.14.0@sha256:1befb8a6fce3e05c7cb10a1c883269fbd1c54ff7cec3314fa7dd64dba822a89e,3336
- completed:
    hackage: uncaught-exception-0.1.0@sha256:a03f8c2a1a8b2fc40ca9477599f2d8bcf46ce06465ab42c121b4d2481effc21e,2046
    pantry-tree:
      size: 343
      sha256: 401f9ba4729db9533ecb554a698d8c87bec4ea5382e3de335acf4d1d67c4362d
  original:
    hackage: uncaught-exception-0.1.0
- completed:
    hackage: tasty-hunit-compat-0.2.0.1@sha256:6ef80ddbe71aa24c7215ff4ca07f5b50a3665cdebe55fb93e95190032cd3a5a1,1233
    pantry-tree:
      size: 281
      sha256: e4e91a08694f4851fb8f7f6b279a2cd26d5d7aaf2a69c6268892ffeba1abe0de
  original:
    hackage: tasty-hunit-compat-0.2.0.1
- completed:
    name: elliptic-curve
    version: 0.3.1
    git: https://github.com/serokell/elliptic-curve.git
    pantry-tree:
      size: 12030
      sha256: f4f032b7ef9a23afbd65a765e3a335ec8cdd219a5dfe6ee276f72e15d644a0fd
    commit: b8a3d0cf8f7bacfed77dc3b697f5d08bd33396a8
  original:
    git: https://github.com/serokell/elliptic-curve.git
    commit: b8a3d0cf8f7bacfed77dc3b697f5d08bd33396a8
- completed:
    name: pairing
    version: 1.1.0
    git: https://github.com/serokell/pairing.git
    pantry-tree:
      size: 8733
      sha256: cc187e182595c780607ec09e1f01e7d85fbb901c2e04d8c6331e65851aa878c7
    commit: cf86cf1f6b03f478a439703b050c520a9d455353
  original:
    git: https://github.com/serokell/pairing.git
    commit: cf86cf1f6b03f478a439703b050c520a9d455353
- completed:
    hackage: base16-bytestring-0.1.1.7@sha256:0021256a9628971c08da95cb8f4d0d72192f3bb8a7b30b55c080562d17c43dd3,2231
    pantry-tree:
      size: 454
      sha256: 2dc99cd67293b09204098202d0bdcdcf89d2b8c69ce6c8f4e31deadbdab2a7f9
  original:
    hackage: base16-bytestring-0.1.1.7@sha256:0021256a9628971c08da95cb8f4d0d72192f3bb8a7b30b55c080562d17c43dd3,2231
- completed:
    hackage: bitvec-1.0.3.0@sha256:f69ed0e463045cb497a7cf1bc808a2e84ea0ce286cf9507983bb6ed8b4bd3993,3977
    pantry-tree:
      size: 2372
      sha256: e3cf4b28e01c3eb9b0cf46a8a2e7eef1ced133d5ad626aaba099cf468007dd90
  original:
    hackage: bitvec-1.0.3.0@sha256:f69ed0e463045cb497a7cf1bc808a2e84ea0ce286cf9507983bb6ed8b4bd3993,3977
- completed:
    hackage: co-log-0.4.0.1@sha256:3d4c17f37693c80d1aa2c41669bc3438fac3e89dc5f479e57d79bc3ddc4dfcc5,5087
    pantry-tree:
      size: 1126
      sha256: e73165ff8f744709428e2e87984c9d60ca1cec43d8455c413181c7c466e7497c
  original:
    hackage: co-log-0.4.0.1@sha256:3d4c17f37693c80d1aa2c41669bc3438fac3e89dc5f479e57d79bc3ddc4dfcc5,5087
- completed:
    hackage: colourista-0.1.0.1@sha256:98353ee0e2f5d97d2148513f084c1cd37dfda03e48aa9dd7a017c9d9c0ba710e,3307
    pantry-tree:
      size: 571
      sha256: aa027b21ac1ed1d446a4b20b9a1708fabed9042edf7a28ef05f3fc6278b07841
  original:
    hackage: colourista-0.1.0.1@sha256:98353ee0e2f5d97d2148513f084c1cd37dfda03e48aa9dd7a017c9d9c0ba710e,3307
- completed:
    hackage: ansi-terminal-0.10.3@sha256:e2fbcef5f980dc234c7ad8e2fa433b0e8109132c9e643bc40ea5608cd5697797,3226
    pantry-tree:
      size: 1461
      sha256: 02f05d52be3ffcf36c78876629cbab80b63420672685371aea4fd10e1c4aabb6
  original:
    hackage: ansi-terminal-0.10.3@sha256:e2fbcef5f980dc234c7ad8e2fa433b0e8109132c9e643bc40ea5608cd5697797,3226
- completed:
    hackage: crypto-sodium-0.0.5.0@sha256:05a6cc03c407d62a999bace5fef6ed925395cb11265675052e8f39ce6f95a6ef,5590
    pantry-tree:
      size: 2047
      sha256: 77f2cd6cf5b768790ee3c099ca2711a1491e08cc01e959ff7b6fc6771af572d1
  original:
    hackage: crypto-sodium-0.0.5.0
- completed:
    hackage: NaCl-0.0.5.0@sha256:626d6e41ab736143f7ef7c5ccc9a2c7c85d166e3bdc466734404facf089fc79d,4579
    pantry-tree:
      size: 1659
      sha256: f4ab97e315f3b3600b10287c1ac737e7d7e9b6f9cfa89d0178f6b57fd82eeb18
  original:
    hackage: NaCl-0.0.5.0
- completed:
    hackage: libsodium-1.0.18.2@sha256:f15b874e74e0cf33ab1343310f5392f1f33c406bec5252098d7dd6153e797fb1,1052
    pantry-tree:
      size: 387
      sha256: dcb484e5255ec64013d0c7dd9c0dec62f79b094e1634d15ed142958dda90bb91
  original:
    hackage: libsodium-1.0.18.2
- completed:
    hackage: OddWord-1.0.2.0@sha256:1d7c46b2de539739ba2cb50fd5b0c7032fbe84a22f853f2e0b460d096e325569,1965
    pantry-tree:
      size: 476
      sha256: 91d6f851595aed111288502134412c617e6a3ecae48f4281ca313daabf80adc9
  original:
    hackage: OddWord-1.0.2.0
- completed:
    hackage: nyan-interpolation-core-0.9@sha256:9d7591ca9183fbc142a3aba24b3ff505263aced0b2a36ae2ff143eb6408a9b3b,5552
    pantry-tree:
      size: 1571
      sha256: 5762c5e6a55a64b6912178fa083b3c8b7a19cf25be5b7889108416b1eb8e6edb
  original:
    hackage: nyan-interpolation-core-0.9
- completed:
    hackage: nyan-interpolation-0.9@sha256:8cf238be4c04746e4e9eabb34001c990c23e5837a19eb8652c584e57e92ecb41,3797
    pantry-tree:
      size: 661
      sha256: 1ba3d0b9c1dd65cd6c8a3e10dc31261c70366d5822281176b84617b6c7b7bbc1
  original:
    hackage: nyan-interpolation-0.9
snapshots:
- completed:
    size: 587546
    url: https://raw.githubusercontent.com/commercialhaskell/stackage-snapshots/master/lts/18/10.yaml
    sha256: 88b4f81e162ba3adc230a9fcccc4d19ac116377656bab56c7382ca88598b257a
  original: lts-18.10
